
Microsoft Visual Studio Solution File, Format Version 11.00
# Visual Studio 2010
Project("{8BC9CEB8-8B4A-11D0-8D11-00A0C91BC942}") = "GAS", "GAS\GAS.vcxproj", "{274AFC35-A332-488B-97D6-972227CFDEBB}"
EndProject
Project("{8BC9CEB8-8B4A-11D0-8D11-00A0C91BC942}") = "GASRendering", "GASRendering\GASRendering.vcxproj", "{42555AFD-0B5A-4515-85AE-163EA1AEA87D}"
EndProject
Global
	GlobalSection(SolutionConfigurationPlatforms) = preSolution
		Debug|Win32 = Debug|Win32
		Release|Win32 = Release|Win32
	EndGlobalSection
	GlobalSection(ProjectConfigurationPlatforms) = postSolution
		{274AFC35-A332-488B-97D6-972227CFDEBB}.Debug|Win32.ActiveCfg = Debug|Win32
		{274AFC35-A332-488B-97D6-972227CFDEBB}.Debug|Win32.Build.0 = Debug|Win32
		{274AFC35-A332-488B-97D6-972227CFDEBB}.Release|Win32.ActiveCfg = Release|Win32
		{274AFC35-A332-488B-97D6-972227CFDEBB}.Release|Win32.Build.0 = Release|Win32
		{42555AFD-0B5A-4515-85AE-163EA1AEA87D}.Debug|Win32.ActiveCfg = Debug|Win32
		{42555AFD-0B5A-4515-85AE-163EA1AEA87D}.Debug|Win32.Build.0 = Debug|Win32
		{42555AFD-0B5A-4515-85AE-163EA1AEA87D}.Release|Win32.ActiveCfg = Release|Win32
		{42555AFD-0B5A-4515-85AE-163EA1AEA87D}.Release|Win32.Build.0 = Release|Win32
	EndGlobalSection
	GlobalSection(SolutionProperties) = preSolution
		HideSolutionNode = FALSE
	EndGlobalSection
EndGlobal
